
Microsoft Visual Studio Solution File, Format Version 12.00
# Visual Studio Version 17
VisualStudioVersion = 17.10.34928.147
MinimumVisualStudioVersion = 10.0.40219.1
Project("{FAE04EC0-301F-11D3-BF4B-00C04F79EFBC}") = "Sistem Pemesanan Tiket Bioskop", "Sistem Pemesanan Tiket Bioskop\Sistem Pemesanan Tiket Bioskop.csproj", "{B3D08659-E99A-4D34-98F6-0483F37079DD}"
EndProject
Global
	GlobalSection(SolutionConfigurationPlatforms) = preSolution
		Debug|Any CPU = Debug|Any CPU
		Release|Any CPU = Release|Any CPU
	EndGlobalSection
	GlobalSection(ProjectConfigurationPlatforms) = postSolution
		{B3D08659-E99A-4D34-98F6-0483F37079DD}.Debug|Any CPU.ActiveCfg = Debug|Any CPU
		{B3D08659-E99A-4D34-98F6-0483F37079DD}.Debug|Any CPU.Build.0 = Debug|Any CPU
		{B3D08659-E99A-4D34-98F6-0483F37079DD}.Release|Any CPU.ActiveCfg = Release|Any CPU
		{B3D08659-E99A-4D34-98F6-0483F37079DD}.Release|Any CPU.Build.0 = Release|Any CPU
	EndGlobalSection
	GlobalSection(SolutionProperties) = preSolution
		HideSolutionNode = FALSE
	EndGlobalSection
	GlobalSection(ExtensibilityGlobals) = postSolution
		SolutionGuid = {DCF67445-0B6D-4CA0-8D02-C179F948E41B}
	EndGlobalSection
EndGlobal
